
Microsoft Visual Studio Solution File, Format Version 12.00
# Visual Studio 2012
Project("{FAE04EC0-301F-11D3-BF4B-00C04F79EFBC}") = "oracleTool", "oracleTool\oracleTool.csproj", "{5B6BAF3D-8549-4631-A658-44CCF48EBE8A}"
EndProject
Global
	GlobalSection(SolutionConfigurationPlatforms) = preSolution
		Debug|Any CPU = Debug|Any CPU
		Release|Any CPU = Release|Any CPU
	EndGlobalSection
	GlobalSection(ProjectConfigurationPlatforms) = postSolution
		{5B6BAF3D-8549-4631-A658-44CCF48EBE8A}.Debug|Any CPU.ActiveCfg = Debug|Any CPU
		{5B6BAF3D-8549-4631-A658-44CCF48EBE8A}.Debug|Any CPU.Build.0 = Debug|Any CPU
		{5B6BAF3D-8549-4631-A658-44CCF48EBE8A}.Release|Any CPU.ActiveCfg = Release|Any CPU
		{5B6BAF3D-8549-4631-A658-44CCF48EBE8A}.Release|Any CPU.Build.0 = Release|Any CPU
	EndGlobalSection
	GlobalSection(SolutionProperties) = preSolution
		HideSolutionNode = FALSE
	EndGlobalSection
EndGlobal
